{
  "name": "todo-trpc",
  "version": "1.0.0",
  "lockfileVersion": 3,
  "requires": true,
  "packages": {
    "": {
      "name": "todo-trpc",
      "version": "1.0.0",
      "license": "ISC",
      "dependencies": {
        "@trpc/client": "^11.5.0",
        "@trpc/server": "^11.5.0"
      }
    },
    "node_modules/@trpc/client": {
      "version": "11.5.0",
      "resolved": "https://registry.npmjs.org/@trpc/client/-/client-11.5.0.tgz",
      "integrity": "sha512-32oH+KOAdo73jJKjU9tyG+vCjID6A28NgXwUNr691O5HjpF5yyTX51Zzyee8YtGzU89Nw/drCHdfA4gD7BN2eg==",
      "funding": [
        "https://trpc.io/sponsor"
      ],
      "license": "MIT",
      "peerDependencies": {
        "@trpc/server": "11.5.0",
        "typescript": ">=5.7.2"
      }
    },
    "node_modules/@trpc/server": {
      "version": "11.5.0",
      "resolved": "https://registry.npmjs.org/@trpc/server/-/server-11.5.0.tgz",
      "integrity": "sha512-0IBtkmUCeO2ycn4K45/cqsujnlCQrSvkCo7lFDpg3kGMIPiLyLRciID5IiS7prEjRjeITa+od2aaHTIwONApVw==",
      "funding": [
        "https://trpc.io/sponsor"
      ],
      "license": "MIT",
      "peerDependencies": {
        "typescript": ">=5.7.2"
      }
    },
    "node_modules/typescript": {
      "version": "5.9.2",
      "resolved": "https://registry.npmjs.org/typescript/-/typescript-5.9.2.tgz",
      "integrity": "sha512-CWBzXQrc/qOkhidw1OzBTQuYRbfyxDXJMVJ1XNwUHGROVmuaeiEm3OslpZ1RV96d7SKKjZKrSJu3+t/xlw3R9A==",
      "license": "Apache-2.0",
      "peer": true,
      "bin": {
        "tsc": "bin/tsc",
        "tsserver": "bin/tsserver"
      },
      "engines": {
        "node": ">=14.17"
      }
    }
  }
}
